// !$*UTF8*$!
{
	archiveVersion = 1;
	classes = {
	};
	objectVersion = 46;
	objects = {

/* Begin PBXBuildFile section */
		3446925E003349BBC647DA33 /* Pods_Fake_Mailer.framework in Frameworks */ = {isa = PBXBuildFile; fileRef = CF098F73584E80D4737F7089 /* Pods_Fake_Mailer.framework */; };
		7329C0471F82553A00221EB2 /* AppDelegate.swift in Sources */ = {isa = PBXBuildFile; fileRef = 7329C0461F82553A00221EB2 /* AppDelegate.swift */; };
		7329C0491F82553B00221EB2 /* ViewController.swift in Sources */ = {isa = PBXBuildFile; fileRef = 7329C0481F82553B00221EB2 /* ViewController.swift */; };
		7329C04C1F82553B00221EB2 /* Main.storyboard in Resources */ = {isa = PBXBuildFile; fileRef = 7329C04A1F82553B00221EB2 /* Main.storyboard */; };
		7329C04E1F82553B00221EB2 /* Assets.xcassets in Resources */ = {isa = PBXBuildFile; fileRef = 7329C04D1F82553B00221EB2 /* Assets.xcassets */; };
		7329C0511F82553B00221EB2 /* LaunchScreen.storyboard in Resources */ = {isa = PBXBuildFile; fileRef = 7329C04F1F82553B00221EB2 /* LaunchScreen.storyboard */; };
/* End PBXBuildFile section */

/* Begin PBXFileReference section */
		7329C0431F82553A00221EB2 /* Fake Mailer.app */ = {isa = PBXFileReference; explicitFileType = wrapper.application; includeInIndex = 0; path = "Fake Mailer.app"; sourceTree = BUILT_PRODUCTS_DIR; };
		7329C0461F82553A00221EB2 /* AppDelegate.swift */ = {isa = PBXFileReference; lastKnownFileType = sourcecode.swift; path = AppDelegate.swift; sourceTree = "<group>"; };
		7329C0481F82553B00221EB2 /* ViewController.swift */ = {isa = PBXFileReference; lastKnownFileType = sourcecode.swift; path = ViewController.swift; sourceTree = "<group>"; };
		7329C04B1F82553B00221EB2 /* Base */ = {isa = PBXFileReference; lastKnownFileType = file.storyboard; name = Base; path = Base.lproj/Main.storyboard; sourceTree = "<group>"; };
		7329C04D1F82553B00221EB2 /* Assets.xcassets */ = {isa = PBXFileReference; lastKnownFileType = folder.assetcatalog; path = Assets.xcassets; sourceTree = "<group>"; };
		7329C0501F82553B00221EB2 /* Base */ = {isa = PBXFileReference; lastKnownFileType = file.storyboard; name = Base; path = Base.lproj/LaunchScreen.storyboard; sourceTree = "<group>"; };
		7329C0521F82553B00221EB2 /* Info.plist */ = {isa = PBXFileReference; lastKnownFileType = text.plist.xml; path = Info.plist; sourceTree = "<group>"; };
		B158A1BB1AC88DF238CC0B81 /* Pods-Fake Mailer.release.xcconfig */ = {isa = PBXFileReference; includeInIndex = 1; lastKnownFileType = text.xcconfig; name = "Pods-Fake Mailer.release.xcconfig"; path = "Pods/Target Support Files/Pods-Fake Mailer/Pods-Fake Mailer.release.xcconfig"; sourceTree = "<group>"; };
		CF098F73584E80D4737F7089 /* Pods_Fake_Mailer.framework */ = {isa = PBXFileReference; explicitFileType = wrapper.framework; includeInIndex = 0; path = Pods_Fake_Mailer.framework; sourceTree = BUILT_PRODUCTS_DIR; };
		CF121156989232898B490B7C /* Pods-Fake Mailer.debug.xcconfig */ = {isa = PBXFileReference; includeInIndex = 1; lastKnownFileType = text.xcconfig; name = "Pods-Fake Mailer.debug.xcconfig"; path = "Pods/Target Support Files/Pods-Fake Mailer/Pods-Fake Mailer.debug.xcconfig"; sourceTree = "<group>"; };
/* End PBXFileReference section */

/* Begin PBXFrameworksBuildPhase section */
		7329C0401F82553A00221EB2 /* Frameworks */ = {
			isa = PBXFrameworksBuildPhase;
			buildActionMask = 2147483647;
			files = (
				3446925E003349BBC647DA33 /* Pods_Fake_Mailer.framework in Frameworks */,
			);
			runOnlyForDeploymentPostprocessing = 0;
		};
/* End PBXFrameworksBuildPhase section */

/* Begin PBXGroup section */
		7329C03A1F82553A00221EB2 = {
			isa = PBXGroup;
			children = (
				7329C0451F82553A00221EB2 /* Fake Mailer */,
				7329C0441F82553A00221EB2 /* Products */,
				F2E1D248568E674CD9850422 /* Pods */,
				8097E9D82F724E5ACE473998 /* Frameworks */,
			);
			sourceTree = "<group>";
		};
		7329C0441F82553A00221EB2 /* Products */ = {
			isa = PBXGroup;
			children = (
				7329C0431F82553A00221EB2 /* Fake Mailer.app */,
			);
			name = Products;
			sourceTree = "<group>";
		};
		7329C0451F82553A00221EB2 /* Fake Mailer */ = {
			isa = PBXGroup;
			children = (
				7329C0461F82553A00221EB2 /* AppDelegate.swift */,
				7329C0481F82553B00221EB2 /* ViewController.swift */,
				7329C04A1F82553B00221EB2 /* Main.storyboard */,
				7329C04D1F82553B00221EB2 /* Assets.xcassets */,
				7329C04F1F82553B00221EB2 /* LaunchScreen.storyboard */,
				7329C0521F82553B00221EB2 /* Info.plist */,
			);
			path = "Fake Mailer";
			sourceTree = "<group>";
		};
		8097E9D82F724E5ACE473998 /* Frameworks */ = {
			isa = PBXGroup;
			children = (
				CF098F73584E80D4737F7089 /* Pods_Fake_Mailer.framework */,
			);
			name = Frameworks;
			sourceTree = "<group>";
		};
		F2E1D248568E674CD9850422 /* Pods */ = {
			isa = PBXGroup;
			children = (
				CF121156989232898B490B7C /* Pods-Fake Mailer.debug.xcconfig */,
				B158A1BB1AC88DF238CC0B81 /* Pods-Fake Mailer.release.xcconfig */,
			);
			name = Pods;
			sourceTree = "<group>";
		};
/* End PBXGroup section */

/* Begin PBXNativeTarget section */
		7329C0421F82553A00221EB2 /* Fake Mailer */ = {
			isa = PBXNativeTarget;
			buildConfigurationList = 7329C0551F82553B00221EB2 /* Build configuration list for PBXNativeTarget "Fake Mailer" */;
			buildPhases = (
				8CCC83E4B43125274556BC29 /* [CP] Check Pods Manifest.lock */,
				7329C03F1F82553A00221EB2 /* Sources */,
				7329C0401F82553A00221EB2 /* Frameworks */,
				7329C0411F82553A00221EB2 /* Resources */,
				0361A4E785AFF665674B1413 /* [CP] Embed Pods Frameworks */,
				DE48AF1C99F630229748223B /* [CP] Copy Pods Resources */,
			);
			buildRules = (
			);
			dependencies = (
			);
			name = "Fake Mailer";
			productName = "Fake Mailer";
			productReference = 7329C0431F82553A00221EB2 /* Fake Mailer.app */;
			productType = "com.apple.product-type.application";
		};
/* End PBXNativeTarget section */

/* Begin PBXProject section */
		7329C03B1F82553A00221EB2 /* Project object */ = {
			isa = PBXProject;
			attributes = {
				LastSwiftUpdateCheck = 0830;
				LastUpgradeCheck = 0830;
				ORGANIZATIONNAME = BlackDeveloper;
				TargetAttributes = {
					7329C0421F82553A00221EB2 = {
						CreatedOnToolsVersion = 8.3.3;
						DevelopmentTeam = 2M54WCK3J8;
						ProvisioningStyle = Automatic;
					};
				};
			};
			buildConfigurationList = 7329C03E1F82553A00221EB2 /* Build configuration list for PBXProject "Fake Mailer" */;
			compatibilityVersion = "Xcode 3.2";
			developmentRegion = English;
			hasScannedForEncodings = 0;
			knownRegions = (
				en,
				Base,
			);
			mainGroup = 7329C03A1F82553A00221EB2;
			productRefGroup = 7329C0441F82553A00221EB2 /* Products */;
			projectDirPath = "";
			projectRoot = "";
			targets = (
				7329C0421F82553A00221EB2 /* Fake Mailer */,
			);
		};
/* End PBXProject section */

/* Begin PBXResourcesBuildPhase section */
		7329C0411F82553A00221EB2 /* Resources */ = {
			isa = PBXResourcesBuildPhase;
			buildActionMask = 2147483647;
			files = (
				7329C0511F82553B00221EB2 /* LaunchScreen.storyboard in Resources */,
				7329C04E1F82553B00221EB2 /* Assets.xcassets in Resources */,
				7329C04C1F82553B00221EB2 /* Main.storyboard in Resources */,
			);
			runOnlyForDeploymentPostprocessing = 0;
		};
/* End PBXResourcesBuildPhase section */

/* Begin PBXShellScriptBuildPhase section */
		0361A4E785AFF665674B1413 /* [CP] Embed Pods Frameworks */ = {
			isa = PBXShellScriptBuildPhase;
			buildActionMask = 2147483647;
			files = (
			);
			inputPaths = (
				"${SRCROOT}/Pods/Target Support Files/Pods-Fake Mailer/Pods-Fake Mailer-frameworks.sh",
				"${BUILT_PRODUCTS_DIR}/Alamofire/Alamofire.framework",
				"${BUILT_PRODUCTS_DIR}/Toast-Swift/Toast_Swift.framework",
			);
			name = "[CP] Embed Pods Frameworks";
			outputPaths = (
				"${TARGET_BUILD_DIR}/${FRAMEWORKS_FOLDER_PATH}/Alamofire.framework",
				"${TARGET_BUILD_DIR}/${FRAMEWORKS_FOLDER_PATH}/Toast_Swift.framework",
			);
			runOnlyForDeploymentPostprocessing = 0;
			shellPath = /bin/sh;
			shellScript = "\"${SRCROOT}/Pods/Target Support Files/Pods-Fake Mailer/Pods-Fake Mailer-frameworks.sh\"\n";
			showEnvVarsInLog = 0;
		};
		8CCC83E4B43125274556BC29 /* [CP] Check Pods Manifest.lock */ = {
			isa = PBXShellScriptBuildPhase;
			buildActionMask = 2147483647;
			files = (
			);
			inputPaths = (
				"${PODS_PODFILE_DIR_PATH}/Podfile.lock",
				"${PODS_ROOT}/Manifest.lock",
			);
			name = "[CP] Check Pods Manifest.lock";
			outputPaths = (
				"$(DERIVED_FILE_DIR)/Pods-Fake Mailer-checkManifestLockResult.txt",
			);
			runOnlyForDeploymentPostprocessing = 0;
			shellPath = /bin/sh;
			shellScript = "diff \"${PODS_PODFILE_DIR_PATH}/Podfile.lock\" \"${PODS_ROOT}/Manifest.lock\" > /dev/null\nif [ $? != 0 ] ; then\n    # print error to STDERR\n    echo \"error: The sandbox is not in sync with the Podfile.lock. Run 'pod install' or update your CocoaPods installation.\" >&2\n    exit 1\nfi\n# This output is used by Xcode 'outputs' to avoid re-running this script phase.\necho \"SUCCESS\" > \"${SCRIPT_OUTPUT_FILE_0}\"\n";
			showEnvVarsInLog = 0;
		};
		DE48AF1C99F630229748223B /* [CP] Copy Pods Resources */ = {
			isa = PBXShellScriptBuildPhase;
			buildActionMask = 2147483647;
			files = (
			);
			inputPaths = (
			);
			name = "[CP] Copy Pods Resources";
			outputPaths = (
			);
			runOnlyForDeploymentPostprocessing = 0;
			shellPath = /bin/sh;
			shellScript = "\"${SRCROOT}/Pods/Target Support Files/Pods-Fake Mailer/Pods-Fake Mailer-resources.sh\"\n";
			showEnvVarsInLog = 0;
		};
/* End PBXShellScriptBuildPhase section */

/* Begin PBXSourcesBuildPhase section */
		7329C03F1F82553A00221EB2 /* Sources */ = {
			isa = PBXSourcesBuildPhase;
			buildActionMask = 2147483647;
			files = (
				7329C0491F82553B00221EB2 /* ViewController.swift in Sources */,
				7329C0471F82553A00221EB2 /* AppDelegate.swift in Sources */,
			);
			runOnlyForDeploymentPostprocessing = 0;
		};
/* End PBXSourcesBuildPhase section */

/* Begin PBXVariantGroup section */
		7329C04A1F82553B00221EB2 /* Main.storyboard */ = {
			isa = PBXVariantGroup;
			children = (
				7329C04B1F82553B00221EB2 /* Base */,
			);
			name = Main.storyboard;
			sourceTree = "<group>";
		};
		7329C04F1F82553B00221EB2 /* LaunchScreen.storyboard */ = {
			isa = PBXVariantGroup;
			children = (
				7329C0501F82553B00221EB2 /* Base */,
			);
			name = LaunchScreen.storyboard;
			sourceTree = "<group>";
		};
/* End PBXVariantGroup section */

/* Begin XCBuildConfiguration section */
		7329C0531F82553B00221EB2 /* Debug */ = {
			isa = XCBuildConfiguration;
			buildSettings = {
				ALWAYS_SEARCH_USER_PATHS = NO;
				CLANG_ANALYZER_NONNULL = YES;
				CLANG_ANALYZER_NUMBER_OBJECT_CONVERSION = YES_AGGRESSIVE;
				CLANG_CXX_LANGUAGE_STANDARD = "gnu++0x";
				CLANG_CXX_LIBRARY = "libc++";
				CLANG_ENABLE_MODULES = YES;
				CLANG_ENABLE_OBJC_ARC = YES;
				CLANG_WARN_BOOL_CONVERSION = YES;
				CLANG_WARN_CONSTANT_CONVERSION = YES;
				CLANG_WARN_DIRECT_OBJC_ISA_USAGE = YES_ERROR;
				CLANG_WARN_DOCUMENTATION_COMMENTS = YES;
				CLANG_WARN_EMPTY_BODY = YES;
				CLANG_WARN_ENUM_CONVERSION = YES;
				CLANG_WARN_INFINITE_RECURSION = YES;
				CLANG_WARN_INT_CONVERSION = YES;
				CLANG_WARN_OBJC_ROOT_CLASS = YES_ERROR;
				CLANG_WARN_SUSPICIOUS_MOVE = YES;
				CLANG_WARN_UNREACHABLE_CODE = YES;
				CLANG_WARN__DUPLICATE_METHOD_MATCH = YES;
				"CODE_SIGN_IDENTITY[sdk=iphoneos*]" = "iPhone Developer";
				COPY_PHASE_STRIP = NO;
				DEBUG_INFORMATION_FORMAT = dwarf;
				ENABLE_STRICT_OBJC_MSGSEND = YES;
				ENABLE_TESTABILITY = YES;
				GCC_C_LANGUAGE_STANDARD = gnu99;
				GCC_DYNAMIC_NO_PIC = NO;
				GCC_NO_COMMON_BLOCKS = YES;
				GCC_OPTIMIZATION_LEVEL = 0;
				GCC_PREPROCESSOR_DEFINITIONS = (
					"DEBUG=1",
					"$(inherited)",
				);
				GCC_WARN_64_TO_32_BIT_CONVERSION = YES;
				GCC_WARN_ABOUT_RETURN_TYPE = YES_ERROR;
				GCC_WARN_UNDECLARED_SELECTOR = YES;
				GCC_WARN_UNINITIALIZED_AUTOS = YES_AGGRESSIVE;
				GCC_WARN_UNUSED_FUNCTION = YES;
				GCC_WARN_UNUSED_VARIABLE = YES;
				IPHONEOS_DEPLOYMENT_TARGET = 10.3;
				MTL_ENABLE_DEBUG_INFO = YES;
				ONLY_ACTIVE_ARCH = YES;
				SDKROOT = iphoneos;
				SWIFT_ACTIVE_COMPILATION_CONDITIONS = DEBUG;
				SWIFT_OPTIMIZATION_LEVEL = "-Onone";
				TARGETED_DEVICE_FAMILY = "1,2";
			};
			name = Debug;
		};
		7329C0541F82553B00221EB2 /* Release */ = {
			isa = XCBuildConfiguration;
			buildSettings = {
				ALWAYS_SEARCH_USER_PATHS = NO;
				CLANG_ANALYZER_NONNULL = YES;
				CLANG_ANALYZER_NUMBER_OBJECT_CONVERSION = YES_AGGRESSIVE;
				CLANG_CXX_LANGUAGE_STANDARD = "gnu++0x";
				CLANG_CXX_LIBRARY = "libc++";
				CLANG_ENABLE_MODULES = YES;
				CLANG_ENABLE_OBJC_ARC = YES;
				CLANG_WARN_BOOL_CONVERSION = YES;
				CLANG_WARN_CONSTANT_CONVERSION = YES;
				CLANG_WARN_DIRECT_OBJC_ISA_USAGE = YES_ERROR;
				CLANG_WARN_DOCUMENTATION_COMMENTS = YES;
				CLANG_WARN_EMPTY_BODY = YES;
				CLANG_WARN_ENUM_CONVERSION = YES;
				CLANG_WARN_INFINITE_RECURSION = YES;
				CLANG_WARN_INT_CONVERSION = YES;
				CLANG_WARN_OBJC_ROOT_CLASS = YES_ERROR;
				CLANG_WARN_SUSPICIOUS_MOVE = YES;
				CLANG_WARN_UNREACHABLE_CODE = YES;
				CLANG_WARN__DUPLICATE_METHOD_MATCH = YES;
				"CODE_SIGN_IDENTITY[sdk=iphoneos*]" = "iPhone Developer";
				COPY_PHASE_STRIP = NO;
				DEBUG_INFORMATION_FORMAT = "dwarf-with-dsym";
				ENABLE_NS_ASSERTIONS = NO;
				ENABLE_STRICT_OBJC_MSGSEND = YES;
				GCC_C_LANGUAGE_STANDARD = gnu99;
				GCC_NO_COMMON_BLOCKS = YES;
				GCC_WARN_64_TO_32_BIT_CONVERSION = YES;
				GCC_WARN_ABOUT_RETURN_TYPE = YES_ERROR;
				GCC_WARN_UNDECLARED_SELECTOR = YES;
				GCC_WARN_UNINITIALIZED_AUTOS = YES_AGGRESSIVE;
				GCC_WARN_UNUSED_FUNCTION = YES;
				GCC_WARN_UNUSED_VARIABLE = YES;
				IPHONEOS_DEPLOYMENT_TARGET = 10.3;
				MTL_ENABLE_DEBUG_INFO = NO;
				SDKROOT = iphoneos;
				SWIFT_OPTIMIZATION_LEVEL = "-Owholemodule";
				TARGETED_DEVICE_FAMILY = "1,2";
				VALIDATE_PRODUCT = YES;
			};
			name = Release;
		};
		7329C0561F82553B00221EB2 /* Debug */ = {
			isa = XCBuildConfiguration;
			baseConfigurationReference = CF121156989232898B490B7C /* Pods-Fake Mailer.debug.xcconfig */;
			buildSettings = {
				ASSETCATALOG_COMPILER_APPICON_NAME = AppIcon;
				DEVELOPMENT_TEAM = 2M54WCK3J8;
				INFOPLIST_FILE = "Fake Mailer/Info.plist";
				IPHONEOS_DEPLOYMENT_TARGET = 10.3;
				LD_RUNPATH_SEARCH_PATHS = "$(inherited) @executable_path/Frameworks";
				PRODUCT_BUNDLE_IDENTIFIER = "com.fakemailer.Fake-Mailer";
				PRODUCT_NAME = "$(TARGET_NAME)";
				SWIFT_VERSION = 3.0;
			};
			name = Debug;
		};
		7329C0571F82553B00221EB2 /* Release */ = {
			isa = XCBuildConfiguration;
			baseConfigurationReference = B158A1BB1AC88DF238CC0B81 /* Pods-Fake Mailer.release.xcconfig */;
			buildSettings = {
				ASSETCATALOG_COMPILER_APPICON_NAME = AppIcon;
				DEVELOPMENT_TEAM = 2M54WCK3J8;
				INFOPLIST_FILE = "Fake Mailer/Info.plist";
				IPHONEOS_DEPLOYMENT_TARGET = 10.3;
				LD_RUNPATH_SEARCH_PATHS = "$(inherited) @executable_path/Frameworks";
				PRODUCT_BUNDLE_IDENTIFIER = "com.fakemailer.Fake-Mailer";
				PRODUCT_NAME = "$(TARGET_NAME)";
				SWIFT_VERSION = 3.0;
			};
			name = Release;
		};
/* End XCBuildConfiguration section */

/* Begin XCConfigurationList section */
		7329C03E1F82553A00221EB2 /* Build configuration list for PBXProject "Fake Mailer" */ = {
			isa = XCConfigurationList;
			buildConfigurations = (
				7329C0531F82553B00221EB2 /* Debug */,
				7329C0541F82553B00221EB2 /* Release */,
			);
			defaultConfigurationIsVisible = 0;
			defaultConfigurationName = Release;
		};
		7329C0551F82553B00221EB2 /* Build configuration list for PBXNativeTarget "Fake Mailer" */ = {
			isa = XCConfigurationList;
			buildConfigurations = (
				7329C0561F82553B00221EB2 /* Debug */,
				7329C0571F82553B00221EB2 /* Release */,
			);
			defaultConfigurationIsVisible = 0;
			defaultConfigurationName = Release;
		};
/* End XCConfigurationList section */
	};
	rootObject = 7329C03B1F82553A00221EB2 /* Project object */;
}
